
Microsoft Visual Studio Solution File, Format Version 12.00
# Visual Studio 15
VisualStudioVersion = 15.0.27703.2026
MinimumVisualStudioVersion = 10.0.40219.1
Project("{FAE04EC0-301F-11D3-BF4B-00C04F79EFBC}") = "ManualConnectedCiotola", "ManualConnectedCiotola\ManualConnectedCiotola.csproj", "{D9679811-5D53-452E-9B31-AE82BCFCA09B}"
EndProject
Project("{FAE04EC0-301F-11D3-BF4B-00C04F79EFBC}") = "ControlloRemotoCiotola", "ControlloRemotoCiotola\ControlloRemotoCiotola.csproj", "{F4BC8D96-3100-494B-BA7E-E714273A889E}"
EndProject
Project("{FAE04EC0-301F-11D3-BF4B-00C04F79EFBC}") = "EventStorageProcessor", "EventProcessor\EventStorageProcessor.csproj", "{9B16BDB8-DB3F-4DD1-B22D-93345269DD02}"
EndProject
Project("{FAE04EC0-301F-11D3-BF4B-00C04F79EFBC}") = "EventProccessor", "EventProccessor\EventProccessor.csproj", "{C9685B84-5F94-4733-90F5-AA4DAAADB498}"
EndProject
Global
	GlobalSection(SolutionConfigurationPlatforms) = preSolution
		Debug|Any CPU = Debug|Any CPU
		Release|Any CPU = Release|Any CPU
	EndGlobalSection
	GlobalSection(ProjectConfigurationPlatforms) = postSolution
		{D9679811-5D53-452E-9B31-AE82BCFCA09B}.Debug|Any CPU.ActiveCfg = Debug|Any CPU
		{D9679811-5D53-452E-9B31-AE82BCFCA09B}.Debug|Any CPU.Build.0 = Debug|Any CPU
		{D9679811-5D53-452E-9B31-AE82BCFCA09B}.Release|Any CPU.ActiveCfg = Release|Any CPU
		{D9679811-5D53-452E-9B31-AE82BCFCA09B}.Release|Any CPU.Build.0 = Release|Any CPU
		{F4BC8D96-3100-494B-BA7E-E714273A889E}.Debug|Any CPU.ActiveCfg = Debug|Any CPU
		{F4BC8D96-3100-494B-BA7E-E714273A889E}.Debug|Any CPU.Build.0 = Debug|Any CPU
		{F4BC8D96-3100-494B-BA7E-E714273A889E}.Release|Any CPU.ActiveCfg = Release|Any CPU
		{F4BC8D96-3100-494B-BA7E-E714273A889E}.Release|Any CPU.Build.0 = Release|Any CPU
		{9B16BDB8-DB3F-4DD1-B22D-93345269DD02}.Debug|Any CPU.ActiveCfg = Debug|Any CPU
		{9B16BDB8-DB3F-4DD1-B22D-93345269DD02}.Debug|Any CPU.Build.0 = Debug|Any CPU
		{9B16BDB8-DB3F-4DD1-B22D-93345269DD02}.Release|Any CPU.ActiveCfg = Release|Any CPU
		{9B16BDB8-DB3F-4DD1-B22D-93345269DD02}.Release|Any CPU.Build.0 = Release|Any CPU
		{C9685B84-5F94-4733-90F5-AA4DAAADB498}.Debug|Any CPU.ActiveCfg = Debug|Any CPU
		{C9685B84-5F94-4733-90F5-AA4DAAADB498}.Debug|Any CPU.Build.0 = Debug|Any CPU
		{C9685B84-5F94-4733-90F5-AA4DAAADB498}.Release|Any CPU.ActiveCfg = Release|Any CPU
		{C9685B84-5F94-4733-90F5-AA4DAAADB498}.Release|Any CPU.Build.0 = Release|Any CPU
	EndGlobalSection
	GlobalSection(SolutionProperties) = preSolution
		HideSolutionNode = FALSE
	EndGlobalSection
	GlobalSection(ExtensibilityGlobals) = postSolution
		SolutionGuid = {1230A7E5-A902-44B8-A56A-AF5FE176EB3E}
	EndGlobalSection
EndGlobal
